
Microsoft Visual Studio Solution File, Format Version 12.00
# Visual Studio Version 17
VisualStudioVersion = 17.0.32126.317
MinimumVisualStudioVersion = 10.0.40219.1
Project("{FAE04EC0-301F-11D3-BF4B-00C04F79EFBC}") = "Calculator", "Calculator\Calculator.csproj", "{3F49C600-B157-41C2-B8BC-043ECAC986A3}"
EndProject
Global
	GlobalSection(SolutionConfigurationPlatforms) = preSolution
		Debug|Any CPU = Debug|Any CPU
		Release|Any CPU = Release|Any CPU
	EndGlobalSection
	GlobalSection(ProjectConfigurationPlatforms) = postSolution
		{3F49C600-B157-41C2-B8BC-043ECAC986A3}.Debug|Any CPU.ActiveCfg = Debug|Any CPU
		{3F49C600-B157-41C2-B8BC-043ECAC986A3}.Debug|Any CPU.Build.0 = Debug|Any CPU
		{3F49C600-B157-41C2-B8BC-043ECAC986A3}.Release|Any CPU.ActiveCfg = Release|Any CPU
		{3F49C600-B157-41C2-B8BC-043ECAC986A3}.Release|Any CPU.Build.0 = Release|Any CPU
	EndGlobalSection
	GlobalSection(SolutionProperties) = preSolution
		HideSolutionNode = FALSE
	EndGlobalSection
	GlobalSection(ExtensibilityGlobals) = postSolution
		SolutionGuid = {EF7A7371-940D-4F53-BF05-C4DF469C2A37}
	EndGlobalSection
EndGlobal
